
Microsoft Visual Studio Solution File, Format Version 12.00
# Visual Studio Version 16
VisualStudioVersion = 16.0.29230.61
MinimumVisualStudioVersion = 10.0.40219.1
Project("{FAE04EC0-301F-11D3-BF4B-00C04F79EFBC}") = "Phoneword.Android", "Phoneword\Phoneword.Android\Phoneword.Android.csproj", "{1566D08C-9DB9-4EF3-89BC-B58D6B3D4C6A}"
EndProject
Project("{FAE04EC0-301F-11D3-BF4B-00C04F79EFBC}") = "Phoneword.iOS", "Phoneword\Phoneword.iOS\Phoneword.iOS.csproj", "{22B2CA49-5FBE-40D6-B6AF-082747CD7E0C}"
EndProject
Project("{FAE04EC0-301F-11D3-BF4B-00C04F79EFBC}") = "Phoneword", "Phoneword\Phoneword\Phoneword.csproj", "{2B0DE076-8B8E-492B-94D0-40541E3537AF}"
EndProject
Global
	GlobalSection(SolutionConfigurationPlatforms) = preSolution
		Debug|Any CPU = Debug|Any CPU
		Debug|iPhone = Debug|iPhone
		Debug|iPhoneSimulator = Debug|iPhoneSimulator
		Release|Any CPU = Release|Any CPU
		Release|iPhone = Release|iPhone
		Release|iPhoneSimulator = Release|iPhoneSimulator
	EndGlobalSection
	GlobalSection(ProjectConfigurationPlatforms) = postSolution
		{1566D08C-9DB9-4EF3-89BC-B58D6B3D4C6A}.Debug|Any CPU.ActiveCfg = Debug|Any CPU
		{1566D08C-9DB9-4EF3-89BC-B58D6B3D4C6A}.Debug|Any CPU.Build.0 = Debug|Any CPU
		{1566D08C-9DB9-4EF3-89BC-B58D6B3D4C6A}.Debug|Any CPU.Deploy.0 = Debug|Any CPU
		{1566D08C-9DB9-4EF3-89BC-B58D6B3D4C6A}.Debug|iPhone.ActiveCfg = Debug|Any CPU
		{1566D08C-9DB9-4EF3-89BC-B58D6B3D4C6A}.Debug|iPhone.Build.0 = Debug|Any CPU
		{1566D08C-9DB9-4EF3-89BC-B58D6B3D4C6A}.Debug|iPhone.Deploy.0 = Debug|Any CPU
		{1566D08C-9DB9-4EF3-89BC-B58D6B3D4C6A}.Debug|iPhoneSimulator.ActiveCfg = Debug|Any CPU
		{1566D08C-9DB9-4EF3-89BC-B58D6B3D4C6A}.Debug|iPhoneSimulator.Build.0 = Debug|Any CPU
		{1566D08C-9DB9-4EF3-89BC-B58D6B3D4C6A}.Debug|iPhoneSimulator.Deploy.0 = Debug|Any CPU
		{1566D08C-9DB9-4EF3-89BC-B58D6B3D4C6A}.Release|Any CPU.ActiveCfg = Release|Any CPU
		{1566D08C-9DB9-4EF3-89BC-B58D6B3D4C6A}.Release|Any CPU.Build.0 = Release|Any CPU
		{1566D08C-9DB9-4EF3-89BC-B58D6B3D4C6A}.Release|Any CPU.Deploy.0 = Release|Any CPU
		{1566D08C-9DB9-4EF3-89BC-B58D6B3D4C6A}.Release|iPhone.ActiveCfg = Release|Any CPU
		{1566D08C-9DB9-4EF3-89BC-B58D6B3D4C6A}.Release|iPhone.Build.0 = Release|Any CPU
		{1566D08C-9DB9-4EF3-89BC-B58D6B3D4C6A}.Release|iPhone.Deploy.0 = Release|Any CPU
		{1566D08C-9DB9-4EF3-89BC-B58D6B3D4C6A}.Release|iPhoneSimulator.ActiveCfg = Release|Any CPU
		{1566D08C-9DB9-4EF3-89BC-B58D6B3D4C6A}.Release|iPhoneSimulator.Build.0 = Release|Any CPU
		{1566D08C-9DB9-4EF3-89BC-B58D6B3D4C6A}.Release|iPhoneSimulator.Deploy.0 = Release|Any CPU
		{22B2CA49-5FBE-40D6-B6AF-082747CD7E0C}.Debug|Any CPU.ActiveCfg = Debug|iPhoneSimulator
		{22B2CA49-5FBE-40D6-B6AF-082747CD7E0C}.Debug|Any CPU.Build.0 = Debug|iPhoneSimulator
		{22B2CA49-5FBE-40D6-B6AF-082747CD7E0C}.Debug|Any CPU.Deploy.0 = Debug|iPhoneSimulator
		{22B2CA49-5FBE-40D6-B6AF-082747CD7E0C}.Debug|iPhone.ActiveCfg = Debug|iPhone
		{22B2CA49-5FBE-40D6-B6AF-082747CD7E0C}.Debug|iPhone.Build.0 = Debug|iPhone
		{22B2CA49-5FBE-40D6-B6AF-082747CD7E0C}.Debug|iPhone.Deploy.0 = Debug|iPhone
		{22B2CA49-5FBE-40D6-B6AF-082747CD7E0C}.Debug|iPhoneSimulator.ActiveCfg = Debug|iPhoneSimulator
		{22B2CA49-5FBE-40D6-B6AF-082747CD7E0C}.Debug|iPhoneSimulator.Build.0 = Debug|iPhoneSimulator
		{22B2CA49-5FBE-40D6-B6AF-082747CD7E0C}.Debug|iPhoneSimulator.Deploy.0 = Debug|iPhoneSimulator
		{22B2CA49-5FBE-40D6-B6AF-082747CD7E0C}.Release|Any CPU.ActiveCfg = Release|iPhone
		{22B2CA49-5FBE-40D6-B6AF-082747CD7E0C}.Release|Any CPU.Build.0 = Release|iPhone
		{22B2CA49-5FBE-40D6-B6AF-082747CD7E0C}.Release|Any CPU.Deploy.0 = Release|iPhone
		{22B2CA49-5FBE-40D6-B6AF-082747CD7E0C}.Release|iPhone.ActiveCfg = Release|iPhone
		{22B2CA49-5FBE-40D6-B6AF-082747CD7E0C}.Release|iPhone.Build.0 = Release|iPhone
		{22B2CA49-5FBE-40D6-B6AF-082747CD7E0C}.Release|iPhone.Deploy.0 = Release|iPhone
		{22B2CA49-5FBE-40D6-B6AF-082747CD7E0C}.Release|iPhoneSimulator.ActiveCfg = Release|iPhoneSimulator
		{22B2CA49-5FBE-40D6-B6AF-082747CD7E0C}.Release|iPhoneSimulator.Build.0 = Release|iPhoneSimulator
		{22B2CA49-5FBE-40D6-B6AF-082747CD7E0C}.Release|iPhoneSimulator.Deploy.0 = Release|iPhoneSimulator
		{2B0DE076-8B8E-492B-94D0-40541E3537AF}.Debug|Any CPU.ActiveCfg = Debug|Any CPU
		{2B0DE076-8B8E-492B-94D0-40541E3537AF}.Debug|Any CPU.Build.0 = Debug|Any CPU
		{2B0DE076-8B8E-492B-94D0-40541E3537AF}.Debug|Any CPU.Deploy.0 = Debug|Any CPU
		{2B0DE076-8B8E-492B-94D0-40541E3537AF}.Debug|iPhone.ActiveCfg = Debug|Any CPU
		{2B0DE076-8B8E-492B-94D0-40541E3537AF}.Debug|iPhone.Build.0 = Debug|Any CPU
		{2B0DE076-8B8E-492B-94D0-40541E3537AF}.Debug|iPhone.Deploy.0 = Debug|Any CPU
		{2B0DE076-8B8E-492B-94D0-40541E3537AF}.Debug|iPhoneSimulator.ActiveCfg = Debug|Any CPU
		{2B0DE076-8B8E-492B-94D0-40541E3537AF}.Debug|iPhoneSimulator.Build.0 = Debug|Any CPU
		{2B0DE076-8B8E-492B-94D0-40541E3537AF}.Debug|iPhoneSimulator.Deploy.0 = Debug|Any CPU
		{2B0DE076-8B8E-492B-94D0-40541E3537AF}.Release|Any CPU.ActiveCfg = Release|Any CPU
		{2B0DE076-8B8E-492B-94D0-40541E3537AF}.Release|Any CPU.Build.0 = Release|Any CPU
		{2B0DE076-8B8E-492B-94D0-40541E3537AF}.Release|Any CPU.Deploy.0 = Release|Any CPU
		{2B0DE076-8B8E-492B-94D0-40541E3537AF}.Release|iPhone.ActiveCfg = Release|Any CPU
		{2B0DE076-8B8E-492B-94D0-40541E3537AF}.Release|iPhone.Build.0 = Release|Any CPU
		{2B0DE076-8B8E-492B-94D0-40541E3537AF}.Release|iPhone.Deploy.0 = Release|Any CPU
		{2B0DE076-8B8E-492B-94D0-40541E3537AF}.Release|iPhoneSimulator.ActiveCfg = Release|Any CPU
		{2B0DE076-8B8E-492B-94D0-40541E3537AF}.Release|iPhoneSimulator.Build.0 = Release|Any CPU
		{2B0DE076-8B8E-492B-94D0-40541E3537AF}.Release|iPhoneSimulator.Deploy.0 = Release|Any CPU
	EndGlobalSection
	GlobalSection(SolutionProperties) = preSolution
		HideSolutionNode = FALSE
	EndGlobalSection
	GlobalSection(ExtensibilityGlobals) = postSolution
		SolutionGuid = {E0532386-51EA-4FD9-8828-47378EA1112C}
	EndGlobalSection
EndGlobal
