
Microsoft Visual Studio Solution File, Format Version 12.00
# Visual Studio 15
VisualStudioVersion = 15.0.28307.489
MinimumVisualStudioVersion = 10.0.40219.1
Project("{FAE04EC0-301F-11D3-BF4B-00C04F79EFBC}") = "CustomRenderers.Android", "CustomRenderers\CustomRenderers.Android\CustomRenderers.Android.csproj", "{3BB38A87-B56C-432F-8E44-91B8479878AA}"
EndProject
Project("{FAE04EC0-301F-11D3-BF4B-00C04F79EFBC}") = "CustomRenderers.iOS", "CustomRenderers\CustomRenderers.iOS\CustomRenderers.iOS.csproj", "{FFE5509A-5DD3-4C0F-8A6F-EA0F7CCDF31A}"
EndProject
Project("{FAE04EC0-301F-11D3-BF4B-00C04F79EFBC}") = "CustomRenderers", "CustomRenderers\CustomRenderers\CustomRenderers.csproj", "{5FBC35FA-3D7B-4454-BEEE-05878F40EF11}"
EndProject
Global
	GlobalSection(SolutionConfigurationPlatforms) = preSolution
		Ad-Hoc|Any CPU = Ad-Hoc|Any CPU
		Ad-Hoc|iPhone = Ad-Hoc|iPhone
		Ad-Hoc|iPhoneSimulator = Ad-Hoc|iPhoneSimulator
		AppStore|Any CPU = AppStore|Any CPU
		AppStore|iPhone = AppStore|iPhone
		AppStore|iPhoneSimulator = AppStore|iPhoneSimulator
		Debug|Any CPU = Debug|Any CPU
		Debug|iPhone = Debug|iPhone
		Debug|iPhoneSimulator = Debug|iPhoneSimulator
		Release|Any CPU = Release|Any CPU
		Release|iPhone = Release|iPhone
		Release|iPhoneSimulator = Release|iPhoneSimulator
	EndGlobalSection
	GlobalSection(ProjectConfigurationPlatforms) = postSolution
		{3BB38A87-B56C-432F-8E44-91B8479878AA}.Ad-Hoc|Any CPU.ActiveCfg = Release|Any CPU
		{3BB38A87-B56C-432F-8E44-91B8479878AA}.Ad-Hoc|Any CPU.Build.0 = Release|Any CPU
		{3BB38A87-B56C-432F-8E44-91B8479878AA}.Ad-Hoc|Any CPU.Deploy.0 = Release|Any CPU
		{3BB38A87-B56C-432F-8E44-91B8479878AA}.Ad-Hoc|iPhone.ActiveCfg = Release|Any CPU
		{3BB38A87-B56C-432F-8E44-91B8479878AA}.Ad-Hoc|iPhone.Build.0 = Release|Any CPU
		{3BB38A87-B56C-432F-8E44-91B8479878AA}.Ad-Hoc|iPhone.Deploy.0 = Release|Any CPU
		{3BB38A87-B56C-432F-8E44-91B8479878AA}.Ad-Hoc|iPhoneSimulator.ActiveCfg = Release|Any CPU
		{3BB38A87-B56C-432F-8E44-91B8479878AA}.Ad-Hoc|iPhoneSimulator.Build.0 = Release|Any CPU
		{3BB38A87-B56C-432F-8E44-91B8479878AA}.Ad-Hoc|iPhoneSimulator.Deploy.0 = Release|Any CPU
		{3BB38A87-B56C-432F-8E44-91B8479878AA}.AppStore|Any CPU.ActiveCfg = Release|Any CPU
		{3BB38A87-B56C-432F-8E44-91B8479878AA}.AppStore|Any CPU.Build.0 = Release|Any CPU
		{3BB38A87-B56C-432F-8E44-91B8479878AA}.AppStore|Any CPU.Deploy.0 = Release|Any CPU
		{3BB38A87-B56C-432F-8E44-91B8479878AA}.AppStore|iPhone.ActiveCfg = Release|Any CPU
		{3BB38A87-B56C-432F-8E44-91B8479878AA}.AppStore|iPhone.Build.0 = Release|Any CPU
		{3BB38A87-B56C-432F-8E44-91B8479878AA}.AppStore|iPhone.Deploy.0 = Release|Any CPU
		{3BB38A87-B56C-432F-8E44-91B8479878AA}.AppStore|iPhoneSimulator.ActiveCfg = Release|Any CPU
		{3BB38A87-B56C-432F-8E44-91B8479878AA}.AppStore|iPhoneSimulator.Build.0 = Release|Any CPU
		{3BB38A87-B56C-432F-8E44-91B8479878AA}.AppStore|iPhoneSimulator.Deploy.0 = Release|Any CPU
		{3BB38A87-B56C-432F-8E44-91B8479878AA}.Debug|Any CPU.ActiveCfg = Debug|Any CPU
		{3BB38A87-B56C-432F-8E44-91B8479878AA}.Debug|Any CPU.Build.0 = Debug|Any CPU
		{3BB38A87-B56C-432F-8E44-91B8479878AA}.Debug|Any CPU.Deploy.0 = Debug|Any CPU
		{3BB38A87-B56C-432F-8E44-91B8479878AA}.Debug|iPhone.ActiveCfg = Debug|Any CPU
		{3BB38A87-B56C-432F-8E44-91B8479878AA}.Debug|iPhone.Build.0 = Debug|Any CPU
		{3BB38A87-B56C-432F-8E44-91B8479878AA}.Debug|iPhone.Deploy.0 = Debug|Any CPU
		{3BB38A87-B56C-432F-8E44-91B8479878AA}.Debug|iPhoneSimulator.ActiveCfg = Debug|Any CPU
		{3BB38A87-B56C-432F-8E44-91B8479878AA}.Debug|iPhoneSimulator.Build.0 = Debug|Any CPU
		{3BB38A87-B56C-432F-8E44-91B8479878AA}.Debug|iPhoneSimulator.Deploy.0 = Debug|Any CPU
		{3BB38A87-B56C-432F-8E44-91B8479878AA}.Release|Any CPU.ActiveCfg = Release|Any CPU
		{3BB38A87-B56C-432F-8E44-91B8479878AA}.Release|Any CPU.Build.0 = Release|Any CPU
		{3BB38A87-B56C-432F-8E44-91B8479878AA}.Release|Any CPU.Deploy.0 = Release|Any CPU
		{3BB38A87-B56C-432F-8E44-91B8479878AA}.Release|iPhone.ActiveCfg = Release|Any CPU
		{3BB38A87-B56C-432F-8E44-91B8479878AA}.Release|iPhone.Build.0 = Release|Any CPU
		{3BB38A87-B56C-432F-8E44-91B8479878AA}.Release|iPhone.Deploy.0 = Release|Any CPU
		{3BB38A87-B56C-432F-8E44-91B8479878AA}.Release|iPhoneSimulator.ActiveCfg = Release|Any CPU
		{3BB38A87-B56C-432F-8E44-91B8479878AA}.Release|iPhoneSimulator.Build.0 = Release|Any CPU
		{3BB38A87-B56C-432F-8E44-91B8479878AA}.Release|iPhoneSimulator.Deploy.0 = Release|Any CPU
		{FFE5509A-5DD3-4C0F-8A6F-EA0F7CCDF31A}.Ad-Hoc|Any CPU.ActiveCfg = Ad-Hoc|iPhone
		{FFE5509A-5DD3-4C0F-8A6F-EA0F7CCDF31A}.Ad-Hoc|Any CPU.Build.0 = Ad-Hoc|iPhone
		{FFE5509A-5DD3-4C0F-8A6F-EA0F7CCDF31A}.Ad-Hoc|Any CPU.Deploy.0 = Ad-Hoc|iPhone
		{FFE5509A-5DD3-4C0F-8A6F-EA0F7CCDF31A}.Ad-Hoc|iPhone.ActiveCfg = Ad-Hoc|iPhone
		{FFE5509A-5DD3-4C0F-8A6F-EA0F7CCDF31A}.Ad-Hoc|iPhone.Build.0 = Ad-Hoc|iPhone
		{FFE5509A-5DD3-4C0F-8A6F-EA0F7CCDF31A}.Ad-Hoc|iPhone.Deploy.0 = Ad-Hoc|iPhone
		{FFE5509A-5DD3-4C0F-8A6F-EA0F7CCDF31A}.Ad-Hoc|iPhoneSimulator.ActiveCfg = Ad-Hoc|iPhoneSimulator
		{FFE5509A-5DD3-4C0F-8A6F-EA0F7CCDF31A}.Ad-Hoc|iPhoneSimulator.Build.0 = Ad-Hoc|iPhoneSimulator
		{FFE5509A-5DD3-4C0F-8A6F-EA0F7CCDF31A}.Ad-Hoc|iPhoneSimulator.Deploy.0 = Ad-Hoc|iPhoneSimulator
		{FFE5509A-5DD3-4C0F-8A6F-EA0F7CCDF31A}.AppStore|Any CPU.ActiveCfg = AppStore|iPhone
		{FFE5509A-5DD3-4C0F-8A6F-EA0F7CCDF31A}.AppStore|Any CPU.Build.0 = AppStore|iPhone
		{FFE5509A-5DD3-4C0F-8A6F-EA0F7CCDF31A}.AppStore|Any CPU.Deploy.0 = AppStore|iPhone
		{FFE5509A-5DD3-4C0F-8A6F-EA0F7CCDF31A}.AppStore|iPhone.ActiveCfg = AppStore|iPhone
		{FFE5509A-5DD3-4C0F-8A6F-EA0F7CCDF31A}.AppStore|iPhone.Build.0 = AppStore|iPhone
		{FFE5509A-5DD3-4C0F-8A6F-EA0F7CCDF31A}.AppStore|iPhone.Deploy.0 = AppStore|iPhone
		{FFE5509A-5DD3-4C0F-8A6F-EA0F7CCDF31A}.AppStore|iPhoneSimulator.ActiveCfg = AppStore|iPhoneSimulator
		{FFE5509A-5DD3-4C0F-8A6F-EA0F7CCDF31A}.AppStore|iPhoneSimulator.Build.0 = AppStore|iPhoneSimulator
		{FFE5509A-5DD3-4C0F-8A6F-EA0F7CCDF31A}.AppStore|iPhoneSimulator.Deploy.0 = AppStore|iPhoneSimulator
		{FFE5509A-5DD3-4C0F-8A6F-EA0F7CCDF31A}.Debug|Any CPU.ActiveCfg = Debug|iPhoneSimulator
		{FFE5509A-5DD3-4C0F-8A6F-EA0F7CCDF31A}.Debug|Any CPU.Build.0 = Debug|iPhoneSimulator
		{FFE5509A-5DD3-4C0F-8A6F-EA0F7CCDF31A}.Debug|Any CPU.Deploy.0 = Debug|iPhoneSimulator
		{FFE5509A-5DD3-4C0F-8A6F-EA0F7CCDF31A}.Debug|iPhone.ActiveCfg = Debug|iPhone
		{FFE5509A-5DD3-4C0F-8A6F-EA0F7CCDF31A}.Debug|iPhone.Build.0 = Debug|iPhone
		{FFE5509A-5DD3-4C0F-8A6F-EA0F7CCDF31A}.Debug|iPhone.Deploy.0 = Debug|iPhone
		{FFE5509A-5DD3-4C0F-8A6F-EA0F7CCDF31A}.Debug|iPhoneSimulator.ActiveCfg = Debug|iPhoneSimulator
		{FFE5509A-5DD3-4C0F-8A6F-EA0F7CCDF31A}.Debug|iPhoneSimulator.Build.0 = Debug|iPhoneSimulator
		{FFE5509A-5DD3-4C0F-8A6F-EA0F7CCDF31A}.Debug|iPhoneSimulator.Deploy.0 = Debug|iPhoneSimulator
		{FFE5509A-5DD3-4C0F-8A6F-EA0F7CCDF31A}.Release|Any CPU.ActiveCfg = Release|iPhone
		{FFE5509A-5DD3-4C0F-8A6F-EA0F7CCDF31A}.Release|Any CPU.Build.0 = Release|iPhone
		{FFE5509A-5DD3-4C0F-8A6F-EA0F7CCDF31A}.Release|Any CPU.Deploy.0 = Release|iPhone
		{FFE5509A-5DD3-4C0F-8A6F-EA0F7CCDF31A}.Release|iPhone.ActiveCfg = Release|iPhone
		{FFE5509A-5DD3-4C0F-8A6F-EA0F7CCDF31A}.Release|iPhone.Build.0 = Release|iPhone
		{FFE5509A-5DD3-4C0F-8A6F-EA0F7CCDF31A}.Release|iPhone.Deploy.0 = Release|iPhone
		{FFE5509A-5DD3-4C0F-8A6F-EA0F7CCDF31A}.Release|iPhoneSimulator.ActiveCfg = Release|iPhoneSimulator
		{FFE5509A-5DD3-4C0F-8A6F-EA0F7CCDF31A}.Release|iPhoneSimulator.Build.0 = Release|iPhoneSimulator
		{FFE5509A-5DD3-4C0F-8A6F-EA0F7CCDF31A}.Release|iPhoneSimulator.Deploy.0 = Release|iPhoneSimulator
		{5FBC35FA-3D7B-4454-BEEE-05878F40EF11}.Ad-Hoc|Any CPU.ActiveCfg = Debug|Any CPU
		{5FBC35FA-3D7B-4454-BEEE-05878F40EF11}.Ad-Hoc|Any CPU.Build.0 = Debug|Any CPU
		{5FBC35FA-3D7B-4454-BEEE-05878F40EF11}.Ad-Hoc|Any CPU.Deploy.0 = Debug|Any CPU
		{5FBC35FA-3D7B-4454-BEEE-05878F40EF11}.Ad-Hoc|iPhone.ActiveCfg = Debug|Any CPU
		{5FBC35FA-3D7B-4454-BEEE-05878F40EF11}.Ad-Hoc|iPhone.Build.0 = Debug|Any CPU
		{5FBC35FA-3D7B-4454-BEEE-05878F40EF11}.Ad-Hoc|iPhone.Deploy.0 = Debug|Any CPU
		{5FBC35FA-3D7B-4454-BEEE-05878F40EF11}.Ad-Hoc|iPhoneSimulator.ActiveCfg = Debug|Any CPU
		{5FBC35FA-3D7B-4454-BEEE-05878F40EF11}.Ad-Hoc|iPhoneSimulator.Build.0 = Debug|Any CPU
		{5FBC35FA-3D7B-4454-BEEE-05878F40EF11}.Ad-Hoc|iPhoneSimulator.Deploy.0 = Debug|Any CPU
		{5FBC35FA-3D7B-4454-BEEE-05878F40EF11}.AppStore|Any CPU.ActiveCfg = Debug|Any CPU
		{5FBC35FA-3D7B-4454-BEEE-05878F40EF11}.AppStore|Any CPU.Build.0 = Debug|Any CPU
		{5FBC35FA-3D7B-4454-BEEE-05878F40EF11}.AppStore|Any CPU.Deploy.0 = Debug|Any CPU
		{5FBC35FA-3D7B-4454-BEEE-05878F40EF11}.AppStore|iPhone.ActiveCfg = Debug|Any CPU
		{5FBC35FA-3D7B-4454-BEEE-05878F40EF11}.AppStore|iPhone.Build.0 = Debug|Any CPU
		{5FBC35FA-3D7B-4454-BEEE-05878F40EF11}.AppStore|iPhone.Deploy.0 = Debug|Any CPU
		{5FBC35FA-3D7B-4454-BEEE-05878F40EF11}.AppStore|iPhoneSimulator.ActiveCfg = Debug|Any CPU
		{5FBC35FA-3D7B-4454-BEEE-05878F40EF11}.AppStore|iPhoneSimulator.Build.0 = Debug|Any CPU
		{5FBC35FA-3D7B-4454-BEEE-05878F40EF11}.AppStore|iPhoneSimulator.Deploy.0 = Debug|Any CPU
		{5FBC35FA-3D7B-4454-BEEE-05878F40EF11}.Debug|Any CPU.ActiveCfg = Debug|Any CPU
		{5FBC35FA-3D7B-4454-BEEE-05878F40EF11}.Debug|Any CPU.Build.0 = Debug|Any CPU
		{5FBC35FA-3D7B-4454-BEEE-05878F40EF11}.Debug|Any CPU.Deploy.0 = Debug|Any CPU
		{5FBC35FA-3D7B-4454-BEEE-05878F40EF11}.Debug|iPhone.ActiveCfg = Debug|Any CPU
		{5FBC35FA-3D7B-4454-BEEE-05878F40EF11}.Debug|iPhone.Build.0 = Debug|Any CPU
		{5FBC35FA-3D7B-4454-BEEE-05878F40EF11}.Debug|iPhone.Deploy.0 = Debug|Any CPU
		{5FBC35FA-3D7B-4454-BEEE-05878F40EF11}.Debug|iPhoneSimulator.ActiveCfg = Debug|Any CPU
		{5FBC35FA-3D7B-4454-BEEE-05878F40EF11}.Debug|iPhoneSimulator.Build.0 = Debug|Any CPU
		{5FBC35FA-3D7B-4454-BEEE-05878F40EF11}.Debug|iPhoneSimulator.Deploy.0 = Debug|Any CPU
		{5FBC35FA-3D7B-4454-BEEE-05878F40EF11}.Release|Any CPU.ActiveCfg = Release|Any CPU
		{5FBC35FA-3D7B-4454-BEEE-05878F40EF11}.Release|Any CPU.Build.0 = Release|Any CPU
		{5FBC35FA-3D7B-4454-BEEE-05878F40EF11}.Release|Any CPU.Deploy.0 = Release|Any CPU
		{5FBC35FA-3D7B-4454-BEEE-05878F40EF11}.Release|iPhone.ActiveCfg = Release|Any CPU
		{5FBC35FA-3D7B-4454-BEEE-05878F40EF11}.Release|iPhone.Build.0 = Release|Any CPU
		{5FBC35FA-3D7B-4454-BEEE-05878F40EF11}.Release|iPhone.Deploy.0 = Release|Any CPU
		{5FBC35FA-3D7B-4454-BEEE-05878F40EF11}.Release|iPhoneSimulator.ActiveCfg = Release|Any CPU
		{5FBC35FA-3D7B-4454-BEEE-05878F40EF11}.Release|iPhoneSimulator.Build.0 = Release|Any CPU
		{5FBC35FA-3D7B-4454-BEEE-05878F40EF11}.Release|iPhoneSimulator.Deploy.0 = Release|Any CPU
	EndGlobalSection
	GlobalSection(SolutionProperties) = preSolution
		HideSolutionNode = FALSE
	EndGlobalSection
	GlobalSection(ExtensibilityGlobals) = postSolution
		SolutionGuid = {676CCB49-42F6-44DC-9FFB-6F4254560CBA}
	EndGlobalSection
EndGlobal
