
Microsoft Visual Studio Solution File, Format Version 12.00
# Visual Studio 15
VisualStudioVersion = 15.0.28307.489
MinimumVisualStudioVersion = 10.0.40219.1
Project("{FAE04EC0-301F-11D3-BF4B-00C04F79EFBC}") = "BindingExample.Android", "BindingExample\BindingExample.Android\BindingExample.Android.csproj", "{160D8159-95F9-43F2-BC36-E4C950E44EAE}"
EndProject
Project("{FAE04EC0-301F-11D3-BF4B-00C04F79EFBC}") = "BindingExample.iOS", "BindingExample\BindingExample.iOS\BindingExample.iOS.csproj", "{12502F9E-42F1-45E2-A71D-5B20DBA9D398}"
EndProject
Project("{FAE04EC0-301F-11D3-BF4B-00C04F79EFBC}") = "BindingExample", "BindingExample\BindingExample\BindingExample.csproj", "{3C5314E9-785C-4D9C-AEFF-0044EDAA2341}"
EndProject
Global
	GlobalSection(SolutionConfigurationPlatforms) = preSolution
		Ad-Hoc|Any CPU = Ad-Hoc|Any CPU
		Ad-Hoc|iPhone = Ad-Hoc|iPhone
		Ad-Hoc|iPhoneSimulator = Ad-Hoc|iPhoneSimulator
		AppStore|Any CPU = AppStore|Any CPU
		AppStore|iPhone = AppStore|iPhone
		AppStore|iPhoneSimulator = AppStore|iPhoneSimulator
		Debug|Any CPU = Debug|Any CPU
		Debug|iPhone = Debug|iPhone
		Debug|iPhoneSimulator = Debug|iPhoneSimulator
		Release|Any CPU = Release|Any CPU
		Release|iPhone = Release|iPhone
		Release|iPhoneSimulator = Release|iPhoneSimulator
	EndGlobalSection
	GlobalSection(ProjectConfigurationPlatforms) = postSolution
		{160D8159-95F9-43F2-BC36-E4C950E44EAE}.Ad-Hoc|Any CPU.ActiveCfg = Release|Any CPU
		{160D8159-95F9-43F2-BC36-E4C950E44EAE}.Ad-Hoc|Any CPU.Build.0 = Release|Any CPU
		{160D8159-95F9-43F2-BC36-E4C950E44EAE}.Ad-Hoc|Any CPU.Deploy.0 = Release|Any CPU
		{160D8159-95F9-43F2-BC36-E4C950E44EAE}.Ad-Hoc|iPhone.ActiveCfg = Release|Any CPU
		{160D8159-95F9-43F2-BC36-E4C950E44EAE}.Ad-Hoc|iPhone.Build.0 = Release|Any CPU
		{160D8159-95F9-43F2-BC36-E4C950E44EAE}.Ad-Hoc|iPhone.Deploy.0 = Release|Any CPU
		{160D8159-95F9-43F2-BC36-E4C950E44EAE}.Ad-Hoc|iPhoneSimulator.ActiveCfg = Release|Any CPU
		{160D8159-95F9-43F2-BC36-E4C950E44EAE}.Ad-Hoc|iPhoneSimulator.Build.0 = Release|Any CPU
		{160D8159-95F9-43F2-BC36-E4C950E44EAE}.Ad-Hoc|iPhoneSimulator.Deploy.0 = Release|Any CPU
		{160D8159-95F9-43F2-BC36-E4C950E44EAE}.AppStore|Any CPU.ActiveCfg = Release|Any CPU
		{160D8159-95F9-43F2-BC36-E4C950E44EAE}.AppStore|Any CPU.Build.0 = Release|Any CPU
		{160D8159-95F9-43F2-BC36-E4C950E44EAE}.AppStore|Any CPU.Deploy.0 = Release|Any CPU
		{160D8159-95F9-43F2-BC36-E4C950E44EAE}.AppStore|iPhone.ActiveCfg = Release|Any CPU
		{160D8159-95F9-43F2-BC36-E4C950E44EAE}.AppStore|iPhone.Build.0 = Release|Any CPU
		{160D8159-95F9-43F2-BC36-E4C950E44EAE}.AppStore|iPhone.Deploy.0 = Release|Any CPU
		{160D8159-95F9-43F2-BC36-E4C950E44EAE}.AppStore|iPhoneSimulator.ActiveCfg = Release|Any CPU
		{160D8159-95F9-43F2-BC36-E4C950E44EAE}.AppStore|iPhoneSimulator.Build.0 = Release|Any CPU
		{160D8159-95F9-43F2-BC36-E4C950E44EAE}.AppStore|iPhoneSimulator.Deploy.0 = Release|Any CPU
		{160D8159-95F9-43F2-BC36-E4C950E44EAE}.Debug|Any CPU.ActiveCfg = Debug|Any CPU
		{160D8159-95F9-43F2-BC36-E4C950E44EAE}.Debug|Any CPU.Build.0 = Debug|Any CPU
		{160D8159-95F9-43F2-BC36-E4C950E44EAE}.Debug|Any CPU.Deploy.0 = Debug|Any CPU
		{160D8159-95F9-43F2-BC36-E4C950E44EAE}.Debug|iPhone.ActiveCfg = Debug|Any CPU
		{160D8159-95F9-43F2-BC36-E4C950E44EAE}.Debug|iPhone.Build.0 = Debug|Any CPU
		{160D8159-95F9-43F2-BC36-E4C950E44EAE}.Debug|iPhone.Deploy.0 = Debug|Any CPU
		{160D8159-95F9-43F2-BC36-E4C950E44EAE}.Debug|iPhoneSimulator.ActiveCfg = Debug|Any CPU
		{160D8159-95F9-43F2-BC36-E4C950E44EAE}.Debug|iPhoneSimulator.Build.0 = Debug|Any CPU
		{160D8159-95F9-43F2-BC36-E4C950E44EAE}.Debug|iPhoneSimulator.Deploy.0 = Debug|Any CPU
		{160D8159-95F9-43F2-BC36-E4C950E44EAE}.Release|Any CPU.ActiveCfg = Release|Any CPU
		{160D8159-95F9-43F2-BC36-E4C950E44EAE}.Release|Any CPU.Build.0 = Release|Any CPU
		{160D8159-95F9-43F2-BC36-E4C950E44EAE}.Release|Any CPU.Deploy.0 = Release|Any CPU
		{160D8159-95F9-43F2-BC36-E4C950E44EAE}.Release|iPhone.ActiveCfg = Release|Any CPU
		{160D8159-95F9-43F2-BC36-E4C950E44EAE}.Release|iPhone.Build.0 = Release|Any CPU
		{160D8159-95F9-43F2-BC36-E4C950E44EAE}.Release|iPhone.Deploy.0 = Release|Any CPU
		{160D8159-95F9-43F2-BC36-E4C950E44EAE}.Release|iPhoneSimulator.ActiveCfg = Release|Any CPU
		{160D8159-95F9-43F2-BC36-E4C950E44EAE}.Release|iPhoneSimulator.Build.0 = Release|Any CPU
		{160D8159-95F9-43F2-BC36-E4C950E44EAE}.Release|iPhoneSimulator.Deploy.0 = Release|Any CPU
		{12502F9E-42F1-45E2-A71D-5B20DBA9D398}.Ad-Hoc|Any CPU.ActiveCfg = Ad-Hoc|iPhone
		{12502F9E-42F1-45E2-A71D-5B20DBA9D398}.Ad-Hoc|Any CPU.Build.0 = Ad-Hoc|iPhone
		{12502F9E-42F1-45E2-A71D-5B20DBA9D398}.Ad-Hoc|Any CPU.Deploy.0 = Ad-Hoc|iPhone
		{12502F9E-42F1-45E2-A71D-5B20DBA9D398}.Ad-Hoc|iPhone.ActiveCfg = Ad-Hoc|iPhone
		{12502F9E-42F1-45E2-A71D-5B20DBA9D398}.Ad-Hoc|iPhone.Build.0 = Ad-Hoc|iPhone
		{12502F9E-42F1-45E2-A71D-5B20DBA9D398}.Ad-Hoc|iPhone.Deploy.0 = Ad-Hoc|iPhone
		{12502F9E-42F1-45E2-A71D-5B20DBA9D398}.Ad-Hoc|iPhoneSimulator.ActiveCfg = Ad-Hoc|iPhoneSimulator
		{12502F9E-42F1-45E2-A71D-5B20DBA9D398}.Ad-Hoc|iPhoneSimulator.Build.0 = Ad-Hoc|iPhoneSimulator
		{12502F9E-42F1-45E2-A71D-5B20DBA9D398}.Ad-Hoc|iPhoneSimulator.Deploy.0 = Ad-Hoc|iPhoneSimulator
		{12502F9E-42F1-45E2-A71D-5B20DBA9D398}.AppStore|Any CPU.ActiveCfg = AppStore|iPhone
		{12502F9E-42F1-45E2-A71D-5B20DBA9D398}.AppStore|Any CPU.Build.0 = AppStore|iPhone
		{12502F9E-42F1-45E2-A71D-5B20DBA9D398}.AppStore|Any CPU.Deploy.0 = AppStore|iPhone
		{12502F9E-42F1-45E2-A71D-5B20DBA9D398}.AppStore|iPhone.ActiveCfg = AppStore|iPhone
		{12502F9E-42F1-45E2-A71D-5B20DBA9D398}.AppStore|iPhone.Build.0 = AppStore|iPhone
		{12502F9E-42F1-45E2-A71D-5B20DBA9D398}.AppStore|iPhone.Deploy.0 = AppStore|iPhone
		{12502F9E-42F1-45E2-A71D-5B20DBA9D398}.AppStore|iPhoneSimulator.ActiveCfg = AppStore|iPhoneSimulator
		{12502F9E-42F1-45E2-A71D-5B20DBA9D398}.AppStore|iPhoneSimulator.Build.0 = AppStore|iPhoneSimulator
		{12502F9E-42F1-45E2-A71D-5B20DBA9D398}.AppStore|iPhoneSimulator.Deploy.0 = AppStore|iPhoneSimulator
		{12502F9E-42F1-45E2-A71D-5B20DBA9D398}.Debug|Any CPU.ActiveCfg = Debug|iPhoneSimulator
		{12502F9E-42F1-45E2-A71D-5B20DBA9D398}.Debug|Any CPU.Build.0 = Debug|iPhoneSimulator
		{12502F9E-42F1-45E2-A71D-5B20DBA9D398}.Debug|Any CPU.Deploy.0 = Debug|iPhoneSimulator
		{12502F9E-42F1-45E2-A71D-5B20DBA9D398}.Debug|iPhone.ActiveCfg = Debug|iPhone
		{12502F9E-42F1-45E2-A71D-5B20DBA9D398}.Debug|iPhone.Build.0 = Debug|iPhone
		{12502F9E-42F1-45E2-A71D-5B20DBA9D398}.Debug|iPhone.Deploy.0 = Debug|iPhone
		{12502F9E-42F1-45E2-A71D-5B20DBA9D398}.Debug|iPhoneSimulator.ActiveCfg = Debug|iPhoneSimulator
		{12502F9E-42F1-45E2-A71D-5B20DBA9D398}.Debug|iPhoneSimulator.Build.0 = Debug|iPhoneSimulator
		{12502F9E-42F1-45E2-A71D-5B20DBA9D398}.Debug|iPhoneSimulator.Deploy.0 = Debug|iPhoneSimulator
		{12502F9E-42F1-45E2-A71D-5B20DBA9D398}.Release|Any CPU.ActiveCfg = Release|iPhone
		{12502F9E-42F1-45E2-A71D-5B20DBA9D398}.Release|Any CPU.Build.0 = Release|iPhone
		{12502F9E-42F1-45E2-A71D-5B20DBA9D398}.Release|Any CPU.Deploy.0 = Release|iPhone
		{12502F9E-42F1-45E2-A71D-5B20DBA9D398}.Release|iPhone.ActiveCfg = Release|iPhone
		{12502F9E-42F1-45E2-A71D-5B20DBA9D398}.Release|iPhone.Build.0 = Release|iPhone
		{12502F9E-42F1-45E2-A71D-5B20DBA9D398}.Release|iPhone.Deploy.0 = Release|iPhone
		{12502F9E-42F1-45E2-A71D-5B20DBA9D398}.Release|iPhoneSimulator.ActiveCfg = Release|iPhoneSimulator
		{12502F9E-42F1-45E2-A71D-5B20DBA9D398}.Release|iPhoneSimulator.Build.0 = Release|iPhoneSimulator
		{12502F9E-42F1-45E2-A71D-5B20DBA9D398}.Release|iPhoneSimulator.Deploy.0 = Release|iPhoneSimulator
		{3C5314E9-785C-4D9C-AEFF-0044EDAA2341}.Ad-Hoc|Any CPU.ActiveCfg = Debug|Any CPU
		{3C5314E9-785C-4D9C-AEFF-0044EDAA2341}.Ad-Hoc|Any CPU.Build.0 = Debug|Any CPU
		{3C5314E9-785C-4D9C-AEFF-0044EDAA2341}.Ad-Hoc|Any CPU.Deploy.0 = Debug|Any CPU
		{3C5314E9-785C-4D9C-AEFF-0044EDAA2341}.Ad-Hoc|iPhone.ActiveCfg = Debug|Any CPU
		{3C5314E9-785C-4D9C-AEFF-0044EDAA2341}.Ad-Hoc|iPhone.Build.0 = Debug|Any CPU
		{3C5314E9-785C-4D9C-AEFF-0044EDAA2341}.Ad-Hoc|iPhone.Deploy.0 = Debug|Any CPU
		{3C5314E9-785C-4D9C-AEFF-0044EDAA2341}.Ad-Hoc|iPhoneSimulator.ActiveCfg = Debug|Any CPU
		{3C5314E9-785C-4D9C-AEFF-0044EDAA2341}.Ad-Hoc|iPhoneSimulator.Build.0 = Debug|Any CPU
		{3C5314E9-785C-4D9C-AEFF-0044EDAA2341}.Ad-Hoc|iPhoneSimulator.Deploy.0 = Debug|Any CPU
		{3C5314E9-785C-4D9C-AEFF-0044EDAA2341}.AppStore|Any CPU.ActiveCfg = Debug|Any CPU
		{3C5314E9-785C-4D9C-AEFF-0044EDAA2341}.AppStore|Any CPU.Build.0 = Debug|Any CPU
		{3C5314E9-785C-4D9C-AEFF-0044EDAA2341}.AppStore|Any CPU.Deploy.0 = Debug|Any CPU
		{3C5314E9-785C-4D9C-AEFF-0044EDAA2341}.AppStore|iPhone.ActiveCfg = Debug|Any CPU
		{3C5314E9-785C-4D9C-AEFF-0044EDAA2341}.AppStore|iPhone.Build.0 = Debug|Any CPU
		{3C5314E9-785C-4D9C-AEFF-0044EDAA2341}.AppStore|iPhone.Deploy.0 = Debug|Any CPU
		{3C5314E9-785C-4D9C-AEFF-0044EDAA2341}.AppStore|iPhoneSimulator.ActiveCfg = Debug|Any CPU
		{3C5314E9-785C-4D9C-AEFF-0044EDAA2341}.AppStore|iPhoneSimulator.Build.0 = Debug|Any CPU
		{3C5314E9-785C-4D9C-AEFF-0044EDAA2341}.AppStore|iPhoneSimulator.Deploy.0 = Debug|Any CPU
		{3C5314E9-785C-4D9C-AEFF-0044EDAA2341}.Debug|Any CPU.ActiveCfg = Debug|Any CPU
		{3C5314E9-785C-4D9C-AEFF-0044EDAA2341}.Debug|Any CPU.Build.0 = Debug|Any CPU
		{3C5314E9-785C-4D9C-AEFF-0044EDAA2341}.Debug|Any CPU.Deploy.0 = Debug|Any CPU
		{3C5314E9-785C-4D9C-AEFF-0044EDAA2341}.Debug|iPhone.ActiveCfg = Debug|Any CPU
		{3C5314E9-785C-4D9C-AEFF-0044EDAA2341}.Debug|iPhone.Build.0 = Debug|Any CPU
		{3C5314E9-785C-4D9C-AEFF-0044EDAA2341}.Debug|iPhone.Deploy.0 = Debug|Any CPU
		{3C5314E9-785C-4D9C-AEFF-0044EDAA2341}.Debug|iPhoneSimulator.ActiveCfg = Debug|Any CPU
		{3C5314E9-785C-4D9C-AEFF-0044EDAA2341}.Debug|iPhoneSimulator.Build.0 = Debug|Any CPU
		{3C5314E9-785C-4D9C-AEFF-0044EDAA2341}.Debug|iPhoneSimulator.Deploy.0 = Debug|Any CPU
		{3C5314E9-785C-4D9C-AEFF-0044EDAA2341}.Release|Any CPU.ActiveCfg = Release|Any CPU
		{3C5314E9-785C-4D9C-AEFF-0044EDAA2341}.Release|Any CPU.Build.0 = Release|Any CPU
		{3C5314E9-785C-4D9C-AEFF-0044EDAA2341}.Release|Any CPU.Deploy.0 = Release|Any CPU
		{3C5314E9-785C-4D9C-AEFF-0044EDAA2341}.Release|iPhone.ActiveCfg = Release|Any CPU
		{3C5314E9-785C-4D9C-AEFF-0044EDAA2341}.Release|iPhone.Build.0 = Release|Any CPU
		{3C5314E9-785C-4D9C-AEFF-0044EDAA2341}.Release|iPhone.Deploy.0 = Release|Any CPU
		{3C5314E9-785C-4D9C-AEFF-0044EDAA2341}.Release|iPhoneSimulator.ActiveCfg = Release|Any CPU
		{3C5314E9-785C-4D9C-AEFF-0044EDAA2341}.Release|iPhoneSimulator.Build.0 = Release|Any CPU
		{3C5314E9-785C-4D9C-AEFF-0044EDAA2341}.Release|iPhoneSimulator.Deploy.0 = Release|Any CPU
	EndGlobalSection
	GlobalSection(SolutionProperties) = preSolution
		HideSolutionNode = FALSE
	EndGlobalSection
	GlobalSection(ExtensibilityGlobals) = postSolution
		SolutionGuid = {0E29BE2B-386D-414E-9CBD-9551D0E87F58}
	EndGlobalSection
EndGlobal
