
Microsoft Visual Studio Solution File, Format Version 12.00
# Visual Studio 15
VisualStudioVersion = 15.0.27130.2020
MinimumVisualStudioVersion = 10.0.40219.1
Project("{FAE04EC0-301F-11D3-BF4B-00C04F79EFBC}") = "ContactsApp.Android", "ContactsApp\ContactsApp.Android\ContactsApp.Android.csproj", "{7DE14D90-7899-459C-B9A5-97BB2AAF686F}"
EndProject
Project("{FAE04EC0-301F-11D3-BF4B-00C04F79EFBC}") = "ContactsApp.iOS", "ContactsApp\ContactsApp.iOS\ContactsApp.iOS.csproj", "{DB47F472-E7CC-42D0-98B1-F920C1AA8791}"
EndProject
Project("{FAE04EC0-301F-11D3-BF4B-00C04F79EFBC}") = "ContactsApp", "ContactsApp\ContactsApp\ContactsApp.csproj", "{26FF0091-7C2F-412B-B229-1D8BCA4D271F}"
EndProject
Global
	GlobalSection(SolutionConfigurationPlatforms) = preSolution
		Ad-Hoc|Any CPU = Ad-Hoc|Any CPU
		Ad-Hoc|iPhone = Ad-Hoc|iPhone
		Ad-Hoc|iPhoneSimulator = Ad-Hoc|iPhoneSimulator
		AppStore|Any CPU = AppStore|Any CPU
		AppStore|iPhone = AppStore|iPhone
		AppStore|iPhoneSimulator = AppStore|iPhoneSimulator
		Debug|Any CPU = Debug|Any CPU
		Debug|iPhone = Debug|iPhone
		Debug|iPhoneSimulator = Debug|iPhoneSimulator
		Release|Any CPU = Release|Any CPU
		Release|iPhone = Release|iPhone
		Release|iPhoneSimulator = Release|iPhoneSimulator
	EndGlobalSection
	GlobalSection(ProjectConfigurationPlatforms) = postSolution
		{7DE14D90-7899-459C-B9A5-97BB2AAF686F}.Ad-Hoc|Any CPU.ActiveCfg = Release|Any CPU
		{7DE14D90-7899-459C-B9A5-97BB2AAF686F}.Ad-Hoc|Any CPU.Build.0 = Release|Any CPU
		{7DE14D90-7899-459C-B9A5-97BB2AAF686F}.Ad-Hoc|Any CPU.Deploy.0 = Release|Any CPU
		{7DE14D90-7899-459C-B9A5-97BB2AAF686F}.Ad-Hoc|iPhone.ActiveCfg = Release|Any CPU
		{7DE14D90-7899-459C-B9A5-97BB2AAF686F}.Ad-Hoc|iPhone.Build.0 = Release|Any CPU
		{7DE14D90-7899-459C-B9A5-97BB2AAF686F}.Ad-Hoc|iPhone.Deploy.0 = Release|Any CPU
		{7DE14D90-7899-459C-B9A5-97BB2AAF686F}.Ad-Hoc|iPhoneSimulator.ActiveCfg = Release|Any CPU
		{7DE14D90-7899-459C-B9A5-97BB2AAF686F}.Ad-Hoc|iPhoneSimulator.Build.0 = Release|Any CPU
		{7DE14D90-7899-459C-B9A5-97BB2AAF686F}.Ad-Hoc|iPhoneSimulator.Deploy.0 = Release|Any CPU
		{7DE14D90-7899-459C-B9A5-97BB2AAF686F}.AppStore|Any CPU.ActiveCfg = Release|Any CPU
		{7DE14D90-7899-459C-B9A5-97BB2AAF686F}.AppStore|Any CPU.Build.0 = Release|Any CPU
		{7DE14D90-7899-459C-B9A5-97BB2AAF686F}.AppStore|Any CPU.Deploy.0 = Release|Any CPU
		{7DE14D90-7899-459C-B9A5-97BB2AAF686F}.AppStore|iPhone.ActiveCfg = Release|Any CPU
		{7DE14D90-7899-459C-B9A5-97BB2AAF686F}.AppStore|iPhone.Build.0 = Release|Any CPU
		{7DE14D90-7899-459C-B9A5-97BB2AAF686F}.AppStore|iPhone.Deploy.0 = Release|Any CPU
		{7DE14D90-7899-459C-B9A5-97BB2AAF686F}.AppStore|iPhoneSimulator.ActiveCfg = Release|Any CPU
		{7DE14D90-7899-459C-B9A5-97BB2AAF686F}.AppStore|iPhoneSimulator.Build.0 = Release|Any CPU
		{7DE14D90-7899-459C-B9A5-97BB2AAF686F}.AppStore|iPhoneSimulator.Deploy.0 = Release|Any CPU
		{7DE14D90-7899-459C-B9A5-97BB2AAF686F}.Debug|Any CPU.ActiveCfg = Debug|Any CPU
		{7DE14D90-7899-459C-B9A5-97BB2AAF686F}.Debug|Any CPU.Build.0 = Debug|Any CPU
		{7DE14D90-7899-459C-B9A5-97BB2AAF686F}.Debug|Any CPU.Deploy.0 = Debug|Any CPU
		{7DE14D90-7899-459C-B9A5-97BB2AAF686F}.Debug|iPhone.ActiveCfg = Debug|Any CPU
		{7DE14D90-7899-459C-B9A5-97BB2AAF686F}.Debug|iPhone.Build.0 = Debug|Any CPU
		{7DE14D90-7899-459C-B9A5-97BB2AAF686F}.Debug|iPhone.Deploy.0 = Debug|Any CPU
		{7DE14D90-7899-459C-B9A5-97BB2AAF686F}.Debug|iPhoneSimulator.ActiveCfg = Debug|Any CPU
		{7DE14D90-7899-459C-B9A5-97BB2AAF686F}.Debug|iPhoneSimulator.Build.0 = Debug|Any CPU
		{7DE14D90-7899-459C-B9A5-97BB2AAF686F}.Debug|iPhoneSimulator.Deploy.0 = Debug|Any CPU
		{7DE14D90-7899-459C-B9A5-97BB2AAF686F}.Release|Any CPU.ActiveCfg = Release|Any CPU
		{7DE14D90-7899-459C-B9A5-97BB2AAF686F}.Release|Any CPU.Build.0 = Release|Any CPU
		{7DE14D90-7899-459C-B9A5-97BB2AAF686F}.Release|Any CPU.Deploy.0 = Release|Any CPU
		{7DE14D90-7899-459C-B9A5-97BB2AAF686F}.Release|iPhone.ActiveCfg = Release|Any CPU
		{7DE14D90-7899-459C-B9A5-97BB2AAF686F}.Release|iPhone.Build.0 = Release|Any CPU
		{7DE14D90-7899-459C-B9A5-97BB2AAF686F}.Release|iPhone.Deploy.0 = Release|Any CPU
		{7DE14D90-7899-459C-B9A5-97BB2AAF686F}.Release|iPhoneSimulator.ActiveCfg = Release|Any CPU
		{7DE14D90-7899-459C-B9A5-97BB2AAF686F}.Release|iPhoneSimulator.Build.0 = Release|Any CPU
		{7DE14D90-7899-459C-B9A5-97BB2AAF686F}.Release|iPhoneSimulator.Deploy.0 = Release|Any CPU
		{DB47F472-E7CC-42D0-98B1-F920C1AA8791}.Ad-Hoc|Any CPU.ActiveCfg = Ad-Hoc|iPhone
		{DB47F472-E7CC-42D0-98B1-F920C1AA8791}.Ad-Hoc|iPhone.ActiveCfg = Ad-Hoc|iPhone
		{DB47F472-E7CC-42D0-98B1-F920C1AA8791}.Ad-Hoc|iPhone.Build.0 = Ad-Hoc|iPhone
		{DB47F472-E7CC-42D0-98B1-F920C1AA8791}.Ad-Hoc|iPhoneSimulator.ActiveCfg = Ad-Hoc|iPhoneSimulator
		{DB47F472-E7CC-42D0-98B1-F920C1AA8791}.Ad-Hoc|iPhoneSimulator.Build.0 = Ad-Hoc|iPhoneSimulator
		{DB47F472-E7CC-42D0-98B1-F920C1AA8791}.AppStore|Any CPU.ActiveCfg = AppStore|iPhone
		{DB47F472-E7CC-42D0-98B1-F920C1AA8791}.AppStore|iPhone.ActiveCfg = AppStore|iPhone
		{DB47F472-E7CC-42D0-98B1-F920C1AA8791}.AppStore|iPhone.Build.0 = AppStore|iPhone
		{DB47F472-E7CC-42D0-98B1-F920C1AA8791}.AppStore|iPhoneSimulator.ActiveCfg = AppStore|iPhoneSimulator
		{DB47F472-E7CC-42D0-98B1-F920C1AA8791}.AppStore|iPhoneSimulator.Build.0 = AppStore|iPhoneSimulator
		{DB47F472-E7CC-42D0-98B1-F920C1AA8791}.Debug|Any CPU.ActiveCfg = Debug|iPhone
		{DB47F472-E7CC-42D0-98B1-F920C1AA8791}.Debug|iPhone.ActiveCfg = Debug|iPhone
		{DB47F472-E7CC-42D0-98B1-F920C1AA8791}.Debug|iPhone.Build.0 = Debug|iPhone
		{DB47F472-E7CC-42D0-98B1-F920C1AA8791}.Debug|iPhoneSimulator.ActiveCfg = Debug|iPhoneSimulator
		{DB47F472-E7CC-42D0-98B1-F920C1AA8791}.Debug|iPhoneSimulator.Build.0 = Debug|iPhoneSimulator
		{DB47F472-E7CC-42D0-98B1-F920C1AA8791}.Release|Any CPU.ActiveCfg = Release|iPhone
		{DB47F472-E7CC-42D0-98B1-F920C1AA8791}.Release|iPhone.ActiveCfg = Release|iPhone
		{DB47F472-E7CC-42D0-98B1-F920C1AA8791}.Release|iPhone.Build.0 = Release|iPhone
		{DB47F472-E7CC-42D0-98B1-F920C1AA8791}.Release|iPhoneSimulator.ActiveCfg = Release|iPhoneSimulator
		{DB47F472-E7CC-42D0-98B1-F920C1AA8791}.Release|iPhoneSimulator.Build.0 = Release|iPhoneSimulator
		{26FF0091-7C2F-412B-B229-1D8BCA4D271F}.Ad-Hoc|Any CPU.ActiveCfg = Debug|Any CPU
		{26FF0091-7C2F-412B-B229-1D8BCA4D271F}.Ad-Hoc|Any CPU.Build.0 = Debug|Any CPU
		{26FF0091-7C2F-412B-B229-1D8BCA4D271F}.Ad-Hoc|iPhone.ActiveCfg = Debug|Any CPU
		{26FF0091-7C2F-412B-B229-1D8BCA4D271F}.Ad-Hoc|iPhone.Build.0 = Debug|Any CPU
		{26FF0091-7C2F-412B-B229-1D8BCA4D271F}.Ad-Hoc|iPhoneSimulator.ActiveCfg = Debug|Any CPU
		{26FF0091-7C2F-412B-B229-1D8BCA4D271F}.Ad-Hoc|iPhoneSimulator.Build.0 = Debug|Any CPU
		{26FF0091-7C2F-412B-B229-1D8BCA4D271F}.AppStore|Any CPU.ActiveCfg = Debug|Any CPU
		{26FF0091-7C2F-412B-B229-1D8BCA4D271F}.AppStore|Any CPU.Build.0 = Debug|Any CPU
		{26FF0091-7C2F-412B-B229-1D8BCA4D271F}.AppStore|iPhone.ActiveCfg = Debug|Any CPU
		{26FF0091-7C2F-412B-B229-1D8BCA4D271F}.AppStore|iPhone.Build.0 = Debug|Any CPU
		{26FF0091-7C2F-412B-B229-1D8BCA4D271F}.AppStore|iPhoneSimulator.ActiveCfg = Debug|Any CPU
		{26FF0091-7C2F-412B-B229-1D8BCA4D271F}.AppStore|iPhoneSimulator.Build.0 = Debug|Any CPU
		{26FF0091-7C2F-412B-B229-1D8BCA4D271F}.Debug|Any CPU.ActiveCfg = Debug|Any CPU
		{26FF0091-7C2F-412B-B229-1D8BCA4D271F}.Debug|Any CPU.Build.0 = Debug|Any CPU
		{26FF0091-7C2F-412B-B229-1D8BCA4D271F}.Debug|iPhone.ActiveCfg = Debug|Any CPU
		{26FF0091-7C2F-412B-B229-1D8BCA4D271F}.Debug|iPhone.Build.0 = Debug|Any CPU
		{26FF0091-7C2F-412B-B229-1D8BCA4D271F}.Debug|iPhoneSimulator.ActiveCfg = Debug|Any CPU
		{26FF0091-7C2F-412B-B229-1D8BCA4D271F}.Debug|iPhoneSimulator.Build.0 = Debug|Any CPU
		{26FF0091-7C2F-412B-B229-1D8BCA4D271F}.Release|Any CPU.ActiveCfg = Release|Any CPU
		{26FF0091-7C2F-412B-B229-1D8BCA4D271F}.Release|Any CPU.Build.0 = Release|Any CPU
		{26FF0091-7C2F-412B-B229-1D8BCA4D271F}.Release|iPhone.ActiveCfg = Release|Any CPU
		{26FF0091-7C2F-412B-B229-1D8BCA4D271F}.Release|iPhone.Build.0 = Release|Any CPU
		{26FF0091-7C2F-412B-B229-1D8BCA4D271F}.Release|iPhoneSimulator.ActiveCfg = Release|Any CPU
		{26FF0091-7C2F-412B-B229-1D8BCA4D271F}.Release|iPhoneSimulator.Build.0 = Release|Any CPU
	EndGlobalSection
	GlobalSection(SolutionProperties) = preSolution
		HideSolutionNode = FALSE
	EndGlobalSection
	GlobalSection(ExtensibilityGlobals) = postSolution
		SolutionGuid = {AC1CDF2C-54D9-45CA-9206-2D418EFC8C4E}
	EndGlobalSection
EndGlobal
