
Microsoft Visual Studio Solution File, Format Version 12.00
# Visual Studio 15
VisualStudioVersion = 15.0.28307.489
MinimumVisualStudioVersion = 10.0.40219.1
Project("{FAE04EC0-301F-11D3-BF4B-00C04F79EFBC}") = "CustomControls.Android", "CustomControls\CustomControls.Android\CustomControls.Android.csproj", "{C073C18C-7A34-46DC-A6A2-37CC2F83AD2E}"
EndProject
Project("{FAE04EC0-301F-11D3-BF4B-00C04F79EFBC}") = "CustomControls.iOS", "CustomControls\CustomControls.iOS\CustomControls.iOS.csproj", "{DF750A85-EE8F-491A-9E7C-0B153D9A6FCD}"
EndProject
Project("{FAE04EC0-301F-11D3-BF4B-00C04F79EFBC}") = "CustomControls", "CustomControls\CustomControls\CustomControls.csproj", "{F09311D0-33E3-474E-B0D0-8F87F1962836}"
EndProject
Global
	GlobalSection(SolutionConfigurationPlatforms) = preSolution
		Ad-Hoc|Any CPU = Ad-Hoc|Any CPU
		Ad-Hoc|iPhone = Ad-Hoc|iPhone
		Ad-Hoc|iPhoneSimulator = Ad-Hoc|iPhoneSimulator
		AppStore|Any CPU = AppStore|Any CPU
		AppStore|iPhone = AppStore|iPhone
		AppStore|iPhoneSimulator = AppStore|iPhoneSimulator
		Debug|Any CPU = Debug|Any CPU
		Debug|iPhone = Debug|iPhone
		Debug|iPhoneSimulator = Debug|iPhoneSimulator
		Release|Any CPU = Release|Any CPU
		Release|iPhone = Release|iPhone
		Release|iPhoneSimulator = Release|iPhoneSimulator
	EndGlobalSection
	GlobalSection(ProjectConfigurationPlatforms) = postSolution
		{C073C18C-7A34-46DC-A6A2-37CC2F83AD2E}.Ad-Hoc|Any CPU.ActiveCfg = Release|Any CPU
		{C073C18C-7A34-46DC-A6A2-37CC2F83AD2E}.Ad-Hoc|Any CPU.Build.0 = Release|Any CPU
		{C073C18C-7A34-46DC-A6A2-37CC2F83AD2E}.Ad-Hoc|Any CPU.Deploy.0 = Release|Any CPU
		{C073C18C-7A34-46DC-A6A2-37CC2F83AD2E}.Ad-Hoc|iPhone.ActiveCfg = Release|Any CPU
		{C073C18C-7A34-46DC-A6A2-37CC2F83AD2E}.Ad-Hoc|iPhone.Build.0 = Release|Any CPU
		{C073C18C-7A34-46DC-A6A2-37CC2F83AD2E}.Ad-Hoc|iPhone.Deploy.0 = Release|Any CPU
		{C073C18C-7A34-46DC-A6A2-37CC2F83AD2E}.Ad-Hoc|iPhoneSimulator.ActiveCfg = Release|Any CPU
		{C073C18C-7A34-46DC-A6A2-37CC2F83AD2E}.Ad-Hoc|iPhoneSimulator.Build.0 = Release|Any CPU
		{C073C18C-7A34-46DC-A6A2-37CC2F83AD2E}.Ad-Hoc|iPhoneSimulator.Deploy.0 = Release|Any CPU
		{C073C18C-7A34-46DC-A6A2-37CC2F83AD2E}.AppStore|Any CPU.ActiveCfg = Release|Any CPU
		{C073C18C-7A34-46DC-A6A2-37CC2F83AD2E}.AppStore|Any CPU.Build.0 = Release|Any CPU
		{C073C18C-7A34-46DC-A6A2-37CC2F83AD2E}.AppStore|Any CPU.Deploy.0 = Release|Any CPU
		{C073C18C-7A34-46DC-A6A2-37CC2F83AD2E}.AppStore|iPhone.ActiveCfg = Release|Any CPU
		{C073C18C-7A34-46DC-A6A2-37CC2F83AD2E}.AppStore|iPhone.Build.0 = Release|Any CPU
		{C073C18C-7A34-46DC-A6A2-37CC2F83AD2E}.AppStore|iPhone.Deploy.0 = Release|Any CPU
		{C073C18C-7A34-46DC-A6A2-37CC2F83AD2E}.AppStore|iPhoneSimulator.ActiveCfg = Release|Any CPU
		{C073C18C-7A34-46DC-A6A2-37CC2F83AD2E}.AppStore|iPhoneSimulator.Build.0 = Release|Any CPU
		{C073C18C-7A34-46DC-A6A2-37CC2F83AD2E}.AppStore|iPhoneSimulator.Deploy.0 = Release|Any CPU
		{C073C18C-7A34-46DC-A6A2-37CC2F83AD2E}.Debug|Any CPU.ActiveCfg = Debug|Any CPU
		{C073C18C-7A34-46DC-A6A2-37CC2F83AD2E}.Debug|Any CPU.Build.0 = Debug|Any CPU
		{C073C18C-7A34-46DC-A6A2-37CC2F83AD2E}.Debug|Any CPU.Deploy.0 = Debug|Any CPU
		{C073C18C-7A34-46DC-A6A2-37CC2F83AD2E}.Debug|iPhone.ActiveCfg = Debug|Any CPU
		{C073C18C-7A34-46DC-A6A2-37CC2F83AD2E}.Debug|iPhone.Build.0 = Debug|Any CPU
		{C073C18C-7A34-46DC-A6A2-37CC2F83AD2E}.Debug|iPhone.Deploy.0 = Debug|Any CPU
		{C073C18C-7A34-46DC-A6A2-37CC2F83AD2E}.Debug|iPhoneSimulator.ActiveCfg = Debug|Any CPU
		{C073C18C-7A34-46DC-A6A2-37CC2F83AD2E}.Debug|iPhoneSimulator.Build.0 = Debug|Any CPU
		{C073C18C-7A34-46DC-A6A2-37CC2F83AD2E}.Debug|iPhoneSimulator.Deploy.0 = Debug|Any CPU
		{C073C18C-7A34-46DC-A6A2-37CC2F83AD2E}.Release|Any CPU.ActiveCfg = Release|Any CPU
		{C073C18C-7A34-46DC-A6A2-37CC2F83AD2E}.Release|Any CPU.Build.0 = Release|Any CPU
		{C073C18C-7A34-46DC-A6A2-37CC2F83AD2E}.Release|Any CPU.Deploy.0 = Release|Any CPU
		{C073C18C-7A34-46DC-A6A2-37CC2F83AD2E}.Release|iPhone.ActiveCfg = Release|Any CPU
		{C073C18C-7A34-46DC-A6A2-37CC2F83AD2E}.Release|iPhone.Build.0 = Release|Any CPU
		{C073C18C-7A34-46DC-A6A2-37CC2F83AD2E}.Release|iPhone.Deploy.0 = Release|Any CPU
		{C073C18C-7A34-46DC-A6A2-37CC2F83AD2E}.Release|iPhoneSimulator.ActiveCfg = Release|Any CPU
		{C073C18C-7A34-46DC-A6A2-37CC2F83AD2E}.Release|iPhoneSimulator.Build.0 = Release|Any CPU
		{C073C18C-7A34-46DC-A6A2-37CC2F83AD2E}.Release|iPhoneSimulator.Deploy.0 = Release|Any CPU
		{DF750A85-EE8F-491A-9E7C-0B153D9A6FCD}.Ad-Hoc|Any CPU.ActiveCfg = Ad-Hoc|iPhone
		{DF750A85-EE8F-491A-9E7C-0B153D9A6FCD}.Ad-Hoc|Any CPU.Build.0 = Ad-Hoc|iPhone
		{DF750A85-EE8F-491A-9E7C-0B153D9A6FCD}.Ad-Hoc|Any CPU.Deploy.0 = Ad-Hoc|iPhone
		{DF750A85-EE8F-491A-9E7C-0B153D9A6FCD}.Ad-Hoc|iPhone.ActiveCfg = Ad-Hoc|iPhone
		{DF750A85-EE8F-491A-9E7C-0B153D9A6FCD}.Ad-Hoc|iPhone.Build.0 = Ad-Hoc|iPhone
		{DF750A85-EE8F-491A-9E7C-0B153D9A6FCD}.Ad-Hoc|iPhone.Deploy.0 = Ad-Hoc|iPhone
		{DF750A85-EE8F-491A-9E7C-0B153D9A6FCD}.Ad-Hoc|iPhoneSimulator.ActiveCfg = Ad-Hoc|iPhoneSimulator
		{DF750A85-EE8F-491A-9E7C-0B153D9A6FCD}.Ad-Hoc|iPhoneSimulator.Build.0 = Ad-Hoc|iPhoneSimulator
		{DF750A85-EE8F-491A-9E7C-0B153D9A6FCD}.Ad-Hoc|iPhoneSimulator.Deploy.0 = Ad-Hoc|iPhoneSimulator
		{DF750A85-EE8F-491A-9E7C-0B153D9A6FCD}.AppStore|Any CPU.ActiveCfg = AppStore|iPhone
		{DF750A85-EE8F-491A-9E7C-0B153D9A6FCD}.AppStore|Any CPU.Build.0 = AppStore|iPhone
		{DF750A85-EE8F-491A-9E7C-0B153D9A6FCD}.AppStore|Any CPU.Deploy.0 = AppStore|iPhone
		{DF750A85-EE8F-491A-9E7C-0B153D9A6FCD}.AppStore|iPhone.ActiveCfg = AppStore|iPhone
		{DF750A85-EE8F-491A-9E7C-0B153D9A6FCD}.AppStore|iPhone.Build.0 = AppStore|iPhone
		{DF750A85-EE8F-491A-9E7C-0B153D9A6FCD}.AppStore|iPhone.Deploy.0 = AppStore|iPhone
		{DF750A85-EE8F-491A-9E7C-0B153D9A6FCD}.AppStore|iPhoneSimulator.ActiveCfg = AppStore|iPhoneSimulator
		{DF750A85-EE8F-491A-9E7C-0B153D9A6FCD}.AppStore|iPhoneSimulator.Build.0 = AppStore|iPhoneSimulator
		{DF750A85-EE8F-491A-9E7C-0B153D9A6FCD}.AppStore|iPhoneSimulator.Deploy.0 = AppStore|iPhoneSimulator
		{DF750A85-EE8F-491A-9E7C-0B153D9A6FCD}.Debug|Any CPU.ActiveCfg = Debug|iPhoneSimulator
		{DF750A85-EE8F-491A-9E7C-0B153D9A6FCD}.Debug|Any CPU.Build.0 = Debug|iPhoneSimulator
		{DF750A85-EE8F-491A-9E7C-0B153D9A6FCD}.Debug|Any CPU.Deploy.0 = Debug|iPhoneSimulator
		{DF750A85-EE8F-491A-9E7C-0B153D9A6FCD}.Debug|iPhone.ActiveCfg = Debug|iPhone
		{DF750A85-EE8F-491A-9E7C-0B153D9A6FCD}.Debug|iPhone.Build.0 = Debug|iPhone
		{DF750A85-EE8F-491A-9E7C-0B153D9A6FCD}.Debug|iPhone.Deploy.0 = Debug|iPhone
		{DF750A85-EE8F-491A-9E7C-0B153D9A6FCD}.Debug|iPhoneSimulator.ActiveCfg = Debug|iPhoneSimulator
		{DF750A85-EE8F-491A-9E7C-0B153D9A6FCD}.Debug|iPhoneSimulator.Build.0 = Debug|iPhoneSimulator
		{DF750A85-EE8F-491A-9E7C-0B153D9A6FCD}.Debug|iPhoneSimulator.Deploy.0 = Debug|iPhoneSimulator
		{DF750A85-EE8F-491A-9E7C-0B153D9A6FCD}.Release|Any CPU.ActiveCfg = Release|iPhone
		{DF750A85-EE8F-491A-9E7C-0B153D9A6FCD}.Release|Any CPU.Build.0 = Release|iPhone
		{DF750A85-EE8F-491A-9E7C-0B153D9A6FCD}.Release|Any CPU.Deploy.0 = Release|iPhone
		{DF750A85-EE8F-491A-9E7C-0B153D9A6FCD}.Release|iPhone.ActiveCfg = Release|iPhone
		{DF750A85-EE8F-491A-9E7C-0B153D9A6FCD}.Release|iPhone.Build.0 = Release|iPhone
		{DF750A85-EE8F-491A-9E7C-0B153D9A6FCD}.Release|iPhone.Deploy.0 = Release|iPhone
		{DF750A85-EE8F-491A-9E7C-0B153D9A6FCD}.Release|iPhoneSimulator.ActiveCfg = Release|iPhoneSimulator
		{DF750A85-EE8F-491A-9E7C-0B153D9A6FCD}.Release|iPhoneSimulator.Build.0 = Release|iPhoneSimulator
		{DF750A85-EE8F-491A-9E7C-0B153D9A6FCD}.Release|iPhoneSimulator.Deploy.0 = Release|iPhoneSimulator
		{F09311D0-33E3-474E-B0D0-8F87F1962836}.Ad-Hoc|Any CPU.ActiveCfg = Debug|Any CPU
		{F09311D0-33E3-474E-B0D0-8F87F1962836}.Ad-Hoc|Any CPU.Build.0 = Debug|Any CPU
		{F09311D0-33E3-474E-B0D0-8F87F1962836}.Ad-Hoc|Any CPU.Deploy.0 = Debug|Any CPU
		{F09311D0-33E3-474E-B0D0-8F87F1962836}.Ad-Hoc|iPhone.ActiveCfg = Debug|Any CPU
		{F09311D0-33E3-474E-B0D0-8F87F1962836}.Ad-Hoc|iPhone.Build.0 = Debug|Any CPU
		{F09311D0-33E3-474E-B0D0-8F87F1962836}.Ad-Hoc|iPhone.Deploy.0 = Debug|Any CPU
		{F09311D0-33E3-474E-B0D0-8F87F1962836}.Ad-Hoc|iPhoneSimulator.ActiveCfg = Debug|Any CPU
		{F09311D0-33E3-474E-B0D0-8F87F1962836}.Ad-Hoc|iPhoneSimulator.Build.0 = Debug|Any CPU
		{F09311D0-33E3-474E-B0D0-8F87F1962836}.Ad-Hoc|iPhoneSimulator.Deploy.0 = Debug|Any CPU
		{F09311D0-33E3-474E-B0D0-8F87F1962836}.AppStore|Any CPU.ActiveCfg = Debug|Any CPU
		{F09311D0-33E3-474E-B0D0-8F87F1962836}.AppStore|Any CPU.Build.0 = Debug|Any CPU
		{F09311D0-33E3-474E-B0D0-8F87F1962836}.AppStore|Any CPU.Deploy.0 = Debug|Any CPU
		{F09311D0-33E3-474E-B0D0-8F87F1962836}.AppStore|iPhone.ActiveCfg = Debug|Any CPU
		{F09311D0-33E3-474E-B0D0-8F87F1962836}.AppStore|iPhone.Build.0 = Debug|Any CPU
		{F09311D0-33E3-474E-B0D0-8F87F1962836}.AppStore|iPhone.Deploy.0 = Debug|Any CPU
		{F09311D0-33E3-474E-B0D0-8F87F1962836}.AppStore|iPhoneSimulator.ActiveCfg = Debug|Any CPU
		{F09311D0-33E3-474E-B0D0-8F87F1962836}.AppStore|iPhoneSimulator.Build.0 = Debug|Any CPU
		{F09311D0-33E3-474E-B0D0-8F87F1962836}.AppStore|iPhoneSimulator.Deploy.0 = Debug|Any CPU
		{F09311D0-33E3-474E-B0D0-8F87F1962836}.Debug|Any CPU.ActiveCfg = Debug|Any CPU
		{F09311D0-33E3-474E-B0D0-8F87F1962836}.Debug|Any CPU.Build.0 = Debug|Any CPU
		{F09311D0-33E3-474E-B0D0-8F87F1962836}.Debug|Any CPU.Deploy.0 = Debug|Any CPU
		{F09311D0-33E3-474E-B0D0-8F87F1962836}.Debug|iPhone.ActiveCfg = Debug|Any CPU
		{F09311D0-33E3-474E-B0D0-8F87F1962836}.Debug|iPhone.Build.0 = Debug|Any CPU
		{F09311D0-33E3-474E-B0D0-8F87F1962836}.Debug|iPhone.Deploy.0 = Debug|Any CPU
		{F09311D0-33E3-474E-B0D0-8F87F1962836}.Debug|iPhoneSimulator.ActiveCfg = Debug|Any CPU
		{F09311D0-33E3-474E-B0D0-8F87F1962836}.Debug|iPhoneSimulator.Build.0 = Debug|Any CPU
		{F09311D0-33E3-474E-B0D0-8F87F1962836}.Debug|iPhoneSimulator.Deploy.0 = Debug|Any CPU
		{F09311D0-33E3-474E-B0D0-8F87F1962836}.Release|Any CPU.ActiveCfg = Release|Any CPU
		{F09311D0-33E3-474E-B0D0-8F87F1962836}.Release|Any CPU.Build.0 = Release|Any CPU
		{F09311D0-33E3-474E-B0D0-8F87F1962836}.Release|Any CPU.Deploy.0 = Release|Any CPU
		{F09311D0-33E3-474E-B0D0-8F87F1962836}.Release|iPhone.ActiveCfg = Release|Any CPU
		{F09311D0-33E3-474E-B0D0-8F87F1962836}.Release|iPhone.Build.0 = Release|Any CPU
		{F09311D0-33E3-474E-B0D0-8F87F1962836}.Release|iPhone.Deploy.0 = Release|Any CPU
		{F09311D0-33E3-474E-B0D0-8F87F1962836}.Release|iPhoneSimulator.ActiveCfg = Release|Any CPU
		{F09311D0-33E3-474E-B0D0-8F87F1962836}.Release|iPhoneSimulator.Build.0 = Release|Any CPU
		{F09311D0-33E3-474E-B0D0-8F87F1962836}.Release|iPhoneSimulator.Deploy.0 = Release|Any CPU
	EndGlobalSection
	GlobalSection(SolutionProperties) = preSolution
		HideSolutionNode = FALSE
	EndGlobalSection
	GlobalSection(ExtensibilityGlobals) = postSolution
		SolutionGuid = {B2D60954-4F54-4824-AAB4-114EDA59AAE2}
	EndGlobalSection
EndGlobal
